
Microsoft Visual Studio Solution File, Format Version 12.00
# Visual Studio Version 17
VisualStudioVersion = 17.3.32804.467
MinimumVisualStudioVersion = 10.0.40219.1
Project("{2150E333-8FDC-42A3-9474-1A3956D46DE8}") = "Services", "Services", "{2BBD2B5A-06BD-4A63-B266-E2CE9126F130}"
EndProject
Project("{2150E333-8FDC-42A3-9474-1A3956D46DE8}") = "Catalog", "Catalog", "{3B5C2A67-5D0D-4045-B74A-12322754784B}"
EndProject
Project("{9A19103F-16F7-4668-BE54-9A1E7A4F7556}") = "Microservices.Services.Catalog", "Services\Catalog\Microservices.Services.Catalog\Microservices.Services.Catalog.csproj", "{126F7B46-FD19-4AED-B30F-197C38DCDCB1}"
EndProject
Project("{2150E333-8FDC-42A3-9474-1A3956D46DE8}") = "SolutionItems", "SolutionItems", "{436FF78D-F2F3-474A-8CB1-030A845F2610}"
	ProjectSection(SolutionItems) = preProject
		Ports.txt = Ports.txt
	EndProjectSection
EndProject
Project("{2150E333-8FDC-42A3-9474-1A3956D46DE8}") = "Shared", "Shared", "{65793E74-D3F9-4903-A158-8E47CD1211B4}"
EndProject
Project("{9A19103F-16F7-4668-BE54-9A1E7A4F7556}") = "Microservices.Shared", "Shared\Microservices.Shared\Microservices.Shared.csproj", "{0AB271DA-D359-45DA-8F4B-4F40E24FA7CA}"
EndProject
Project("{2150E333-8FDC-42A3-9474-1A3956D46DE8}") = "IdentityServer", "IdentityServer", "{CB82D159-7355-4572-AFE0-34006C279104}"
EndProject
Project("{9A19103F-16F7-4668-BE54-9A1E7A4F7556}") = "Microservices.IdentityServer", "IdentityServer\Microservices.IdentityServer\Microservices.IdentityServer.csproj", "{C8B4E2D4-D76C-4A75-AC70-F6CE921B5DB5}"
EndProject
Project("{9A19103F-16F7-4668-BE54-9A1E7A4F7556}") = "Microservices.Shared.Core_3_1", "Shared\Microservices.Shared.Core_3_1\Microservices.Shared.Core_3_1.csproj", "{3B6FBB88-9CC2-4B51-A4D4-A461F2DD8527}"
EndProject
Project("{2150E333-8FDC-42A3-9474-1A3956D46DE8}") = "Order", "Order", "{28C48C73-7A9B-42C5-B723-7F10B56FE08A}"
EndProject
Project("{2150E333-8FDC-42A3-9474-1A3956D46DE8}") = "PhotoStock", "PhotoStock", "{0F272868-A72E-4E15-8ADA-7B3C0B226CB3}"
EndProject
Project("{9A19103F-16F7-4668-BE54-9A1E7A4F7556}") = "PhotoStock", "Services\PhotoStock\PhotoStock\PhotoStock.csproj", "{C384E2CD-2238-4580-8470-8065EF4E0A36}"
EndProject
Project("{2150E333-8FDC-42A3-9474-1A3956D46DE8}") = "Basket", "Basket", "{978A020D-2B7C-41E9-9C51-5B14FC0FFCC2}"
EndProject
Project("{9A19103F-16F7-4668-BE54-9A1E7A4F7556}") = "Microservices.Services.Basket", "Services\Basket\Microservices.Basket.API\Microservices.Services.Basket.csproj", "{9074A021-C27B-4AD7-ABD6-984D1216FF1C}"
EndProject
Project("{2150E333-8FDC-42A3-9474-1A3956D46DE8}") = "Discount", "Discount", "{0A8E26F2-12DF-4A26-9CB4-31724424E611}"
EndProject
Project("{9A19103F-16F7-4668-BE54-9A1E7A4F7556}") = "Microservices.Services.Discount", "Services\Discount\Microservices.Services.Discount\Microservices.Services.Discount.csproj", "{B243CF2D-A5B4-4A33-9E0B-6A24D62C6CCA}"
EndProject
Project("{9A19103F-16F7-4668-BE54-9A1E7A4F7556}") = "Microservices.Services.Order.Application", "Order\Microservices.Services.Order.Application\Microservices.Services.Order.Application.csproj", "{618065F9-4E69-454B-8D15-086901906EDC}"
EndProject
Project("{9A19103F-16F7-4668-BE54-9A1E7A4F7556}") = "Microservices.Services.Order.Domain", "Services\Order\Microservices.Services.Order.Doman\Microservices.Services.Order.Domain.csproj", "{138810CD-F31D-425D-9FB0-DE76D1EF235A}"
EndProject
Project("{9A19103F-16F7-4668-BE54-9A1E7A4F7556}") = "Microservices.Services.Order.Core", "Services\Order\Microservices.Services.Order.Core\Microservices.Services.Order.Core.csproj", "{12E9A96D-5EFA-4500-9AE0-26ADF1086A50}"
EndProject
Project("{9A19103F-16F7-4668-BE54-9A1E7A4F7556}") = "Microservices.Services.Order.Infrastructure", "Services\Order\Microservices.Services.Order.Infrastructure\Microservices.Services.Order.Infrastructure.csproj", "{E6EE9A60-50FB-472A-B498-8534797EB74A}"
EndProject
Project("{9A19103F-16F7-4668-BE54-9A1E7A4F7556}") = "Microservices.Services.Order.API", "Services\Order\Microservices.Services.Order.API\Microservices.Services.Order.API.csproj", "{EEAD1B1C-28F0-42B6-88D9-BA2E2AA824D3}"
EndProject
Project("{2150E333-8FDC-42A3-9474-1A3956D46DE8}") = "FakePayment", "FakePayment", "{6B76A5A2-385A-44FE-B205-BB6C0B34887C}"
EndProject
Project("{FAE04EC0-301F-11D3-BF4B-00C04F79EFBC}") = "Microservices.Services.FakePayment", "Services\FakePayment\Microservices.Services.Basket\Microservices.Services.FakePayment.csproj", "{E359A3F7-42D0-4380-B7AC-1213D97E7B4C}"
EndProject
Project("{2150E333-8FDC-42A3-9474-1A3956D46DE8}") = "APIGateways", "APIGateways", "{66E7B541-BC36-4010-8ABE-0957935B0500}"
EndProject
Project("{FAE04EC0-301F-11D3-BF4B-00C04F79EFBC}") = "Microservices.Gateway", "APIGateways\Microservices.Gateway\Microservices.Gateway.csproj", "{101B4003-97DC-444A-8C41-0E14044EE0EA}"
EndProject
Global
	GlobalSection(SolutionConfigurationPlatforms) = preSolution
		Debug|Any CPU = Debug|Any CPU
		Release|Any CPU = Release|Any CPU
	EndGlobalSection
	GlobalSection(ProjectConfigurationPlatforms) = postSolution
		{126F7B46-FD19-4AED-B30F-197C38DCDCB1}.Debug|Any CPU.ActiveCfg = Debug|Any CPU
		{126F7B46-FD19-4AED-B30F-197C38DCDCB1}.Debug|Any CPU.Build.0 = Debug|Any CPU
		{126F7B46-FD19-4AED-B30F-197C38DCDCB1}.Release|Any CPU.ActiveCfg = Release|Any CPU
		{126F7B46-FD19-4AED-B30F-197C38DCDCB1}.Release|Any CPU.Build.0 = Release|Any CPU
		{0AB271DA-D359-45DA-8F4B-4F40E24FA7CA}.Debug|Any CPU.ActiveCfg = Debug|Any CPU
		{0AB271DA-D359-45DA-8F4B-4F40E24FA7CA}.Debug|Any CPU.Build.0 = Debug|Any CPU
		{0AB271DA-D359-45DA-8F4B-4F40E24FA7CA}.Release|Any CPU.ActiveCfg = Release|Any CPU
		{0AB271DA-D359-45DA-8F4B-4F40E24FA7CA}.Release|Any CPU.Build.0 = Release|Any CPU
		{C8B4E2D4-D76C-4A75-AC70-F6CE921B5DB5}.Debug|Any CPU.ActiveCfg = Debug|Any CPU
		{C8B4E2D4-D76C-4A75-AC70-F6CE921B5DB5}.Debug|Any CPU.Build.0 = Debug|Any CPU
		{C8B4E2D4-D76C-4A75-AC70-F6CE921B5DB5}.Release|Any CPU.ActiveCfg = Release|Any CPU
		{C8B4E2D4-D76C-4A75-AC70-F6CE921B5DB5}.Release|Any CPU.Build.0 = Release|Any CPU
		{3B6FBB88-9CC2-4B51-A4D4-A461F2DD8527}.Debug|Any CPU.ActiveCfg = Debug|Any CPU
		{3B6FBB88-9CC2-4B51-A4D4-A461F2DD8527}.Debug|Any CPU.Build.0 = Debug|Any CPU
		{3B6FBB88-9CC2-4B51-A4D4-A461F2DD8527}.Release|Any CPU.ActiveCfg = Release|Any CPU
		{3B6FBB88-9CC2-4B51-A4D4-A461F2DD8527}.Release|Any CPU.Build.0 = Release|Any CPU
		{C384E2CD-2238-4580-8470-8065EF4E0A36}.Debug|Any CPU.ActiveCfg = Debug|Any CPU
		{C384E2CD-2238-4580-8470-8065EF4E0A36}.Debug|Any CPU.Build.0 = Debug|Any CPU
		{C384E2CD-2238-4580-8470-8065EF4E0A36}.Release|Any CPU.ActiveCfg = Release|Any CPU
		{C384E2CD-2238-4580-8470-8065EF4E0A36}.Release|Any CPU.Build.0 = Release|Any CPU
		{9074A021-C27B-4AD7-ABD6-984D1216FF1C}.Debug|Any CPU.ActiveCfg = Debug|Any CPU
		{9074A021-C27B-4AD7-ABD6-984D1216FF1C}.Debug|Any CPU.Build.0 = Debug|Any CPU
		{9074A021-C27B-4AD7-ABD6-984D1216FF1C}.Release|Any CPU.ActiveCfg = Release|Any CPU
		{9074A021-C27B-4AD7-ABD6-984D1216FF1C}.Release|Any CPU.Build.0 = Release|Any CPU
		{B243CF2D-A5B4-4A33-9E0B-6A24D62C6CCA}.Debug|Any CPU.ActiveCfg = Debug|Any CPU
		{B243CF2D-A5B4-4A33-9E0B-6A24D62C6CCA}.Debug|Any CPU.Build.0 = Debug|Any CPU
		{B243CF2D-A5B4-4A33-9E0B-6A24D62C6CCA}.Release|Any CPU.ActiveCfg = Release|Any CPU
		{B243CF2D-A5B4-4A33-9E0B-6A24D62C6CCA}.Release|Any CPU.Build.0 = Release|Any CPU
		{618065F9-4E69-454B-8D15-086901906EDC}.Debug|Any CPU.ActiveCfg = Debug|Any CPU
		{618065F9-4E69-454B-8D15-086901906EDC}.Debug|Any CPU.Build.0 = Debug|Any CPU
		{618065F9-4E69-454B-8D15-086901906EDC}.Release|Any CPU.ActiveCfg = Release|Any CPU
		{618065F9-4E69-454B-8D15-086901906EDC}.Release|Any CPU.Build.0 = Release|Any CPU
		{138810CD-F31D-425D-9FB0-DE76D1EF235A}.Debug|Any CPU.ActiveCfg = Debug|Any CPU
		{138810CD-F31D-425D-9FB0-DE76D1EF235A}.Debug|Any CPU.Build.0 = Debug|Any CPU
		{138810CD-F31D-425D-9FB0-DE76D1EF235A}.Release|Any CPU.ActiveCfg = Release|Any CPU
		{138810CD-F31D-425D-9FB0-DE76D1EF235A}.Release|Any CPU.Build.0 = Release|Any CPU
		{12E9A96D-5EFA-4500-9AE0-26ADF1086A50}.Debug|Any CPU.ActiveCfg = Debug|Any CPU
		{12E9A96D-5EFA-4500-9AE0-26ADF1086A50}.Debug|Any CPU.Build.0 = Debug|Any CPU
		{12E9A96D-5EFA-4500-9AE0-26ADF1086A50}.Release|Any CPU.ActiveCfg = Release|Any CPU
		{12E9A96D-5EFA-4500-9AE0-26ADF1086A50}.Release|Any CPU.Build.0 = Release|Any CPU
		{E6EE9A60-50FB-472A-B498-8534797EB74A}.Debug|Any CPU.ActiveCfg = Debug|Any CPU
		{E6EE9A60-50FB-472A-B498-8534797EB74A}.Debug|Any CPU.Build.0 = Debug|Any CPU
		{E6EE9A60-50FB-472A-B498-8534797EB74A}.Release|Any CPU.ActiveCfg = Release|Any CPU
		{E6EE9A60-50FB-472A-B498-8534797EB74A}.Release|Any CPU.Build.0 = Release|Any CPU
		{EEAD1B1C-28F0-42B6-88D9-BA2E2AA824D3}.Debug|Any CPU.ActiveCfg = Debug|Any CPU
		{EEAD1B1C-28F0-42B6-88D9-BA2E2AA824D3}.Debug|Any CPU.Build.0 = Debug|Any CPU
		{EEAD1B1C-28F0-42B6-88D9-BA2E2AA824D3}.Release|Any CPU.ActiveCfg = Release|Any CPU
		{EEAD1B1C-28F0-42B6-88D9-BA2E2AA824D3}.Release|Any CPU.Build.0 = Release|Any CPU
		{E359A3F7-42D0-4380-B7AC-1213D97E7B4C}.Debug|Any CPU.ActiveCfg = Debug|Any CPU
		{E359A3F7-42D0-4380-B7AC-1213D97E7B4C}.Debug|Any CPU.Build.0 = Debug|Any CPU
		{E359A3F7-42D0-4380-B7AC-1213D97E7B4C}.Release|Any CPU.ActiveCfg = Release|Any CPU
		{E359A3F7-42D0-4380-B7AC-1213D97E7B4C}.Release|Any CPU.Build.0 = Release|Any CPU
		{101B4003-97DC-444A-8C41-0E14044EE0EA}.Debug|Any CPU.ActiveCfg = Debug|Any CPU
		{101B4003-97DC-444A-8C41-0E14044EE0EA}.Debug|Any CPU.Build.0 = Debug|Any CPU
		{101B4003-97DC-444A-8C41-0E14044EE0EA}.Release|Any CPU.ActiveCfg = Release|Any CPU
		{101B4003-97DC-444A-8C41-0E14044EE0EA}.Release|Any CPU.Build.0 = Release|Any CPU
	EndGlobalSection
	GlobalSection(SolutionProperties) = preSolution
		HideSolutionNode = FALSE
	EndGlobalSection
	GlobalSection(NestedProjects) = preSolution
		{3B5C2A67-5D0D-4045-B74A-12322754784B} = {2BBD2B5A-06BD-4A63-B266-E2CE9126F130}
		{126F7B46-FD19-4AED-B30F-197C38DCDCB1} = {3B5C2A67-5D0D-4045-B74A-12322754784B}
		{0AB271DA-D359-45DA-8F4B-4F40E24FA7CA} = {65793E74-D3F9-4903-A158-8E47CD1211B4}
		{C8B4E2D4-D76C-4A75-AC70-F6CE921B5DB5} = {CB82D159-7355-4572-AFE0-34006C279104}
		{3B6FBB88-9CC2-4B51-A4D4-A461F2DD8527} = {65793E74-D3F9-4903-A158-8E47CD1211B4}
		{28C48C73-7A9B-42C5-B723-7F10B56FE08A} = {2BBD2B5A-06BD-4A63-B266-E2CE9126F130}
		{0F272868-A72E-4E15-8ADA-7B3C0B226CB3} = {2BBD2B5A-06BD-4A63-B266-E2CE9126F130}
		{C384E2CD-2238-4580-8470-8065EF4E0A36} = {0F272868-A72E-4E15-8ADA-7B3C0B226CB3}
		{978A020D-2B7C-41E9-9C51-5B14FC0FFCC2} = {2BBD2B5A-06BD-4A63-B266-E2CE9126F130}
		{9074A021-C27B-4AD7-ABD6-984D1216FF1C} = {978A020D-2B7C-41E9-9C51-5B14FC0FFCC2}
		{0A8E26F2-12DF-4A26-9CB4-31724424E611} = {2BBD2B5A-06BD-4A63-B266-E2CE9126F130}
		{B243CF2D-A5B4-4A33-9E0B-6A24D62C6CCA} = {0A8E26F2-12DF-4A26-9CB4-31724424E611}
		{618065F9-4E69-454B-8D15-086901906EDC} = {28C48C73-7A9B-42C5-B723-7F10B56FE08A}
		{138810CD-F31D-425D-9FB0-DE76D1EF235A} = {28C48C73-7A9B-42C5-B723-7F10B56FE08A}
		{12E9A96D-5EFA-4500-9AE0-26ADF1086A50} = {28C48C73-7A9B-42C5-B723-7F10B56FE08A}
		{E6EE9A60-50FB-472A-B498-8534797EB74A} = {28C48C73-7A9B-42C5-B723-7F10B56FE08A}
		{EEAD1B1C-28F0-42B6-88D9-BA2E2AA824D3} = {28C48C73-7A9B-42C5-B723-7F10B56FE08A}
		{6B76A5A2-385A-44FE-B205-BB6C0B34887C} = {2BBD2B5A-06BD-4A63-B266-E2CE9126F130}
		{E359A3F7-42D0-4380-B7AC-1213D97E7B4C} = {6B76A5A2-385A-44FE-B205-BB6C0B34887C}
		{101B4003-97DC-444A-8C41-0E14044EE0EA} = {66E7B541-BC36-4010-8ABE-0957935B0500}
	EndGlobalSection
	GlobalSection(ExtensibilityGlobals) = postSolution
		SolutionGuid = {ABDF98F3-C705-44CA-9A8C-B0A77855D0E5}
	EndGlobalSection
EndGlobal
