
Microsoft Visual Studio Solution File, Format Version 12.00
# Visual Studio Version 17
VisualStudioVersion = 17.3.32804.467
MinimumVisualStudioVersion = 10.0.40219.1
Project("{2150E333-8FDC-42A3-9474-1A3956D46DE8}") = "Services", "Services", "{2BBD2B5A-06BD-4A63-B266-E2CE9126F130}"
EndProject
Project("{2150E333-8FDC-42A3-9474-1A3956D46DE8}") = "Catalog", "Catalog", "{3B5C2A67-5D0D-4045-B74A-12322754784B}"
EndProject
Project("{9A19103F-16F7-4668-BE54-9A1E7A4F7556}") = "Microservices.Services.Catalog", "Services\Catalog\Microservices.Services.Catalog\Microservices.Services.Catalog.csproj", "{126F7B46-FD19-4AED-B30F-197C38DCDCB1}"
EndProject
Project("{2150E333-8FDC-42A3-9474-1A3956D46DE8}") = "SolutionItems", "SolutionItems", "{436FF78D-F2F3-474A-8CB1-030A845F2610}"
	ProjectSection(SolutionItems) = preProject
		Ports.txt = Ports.txt
	EndProjectSection
EndProject
Project("{2150E333-8FDC-42A3-9474-1A3956D46DE8}") = "Shared", "Shared", "{65793E74-D3F9-4903-A158-8E47CD1211B4}"
EndProject
Project("{9A19103F-16F7-4668-BE54-9A1E7A4F7556}") = "Microservices.Shared", "Shared\Microservices.Shared\Microservices.Shared.csproj", "{0AB271DA-D359-45DA-8F4B-4F40E24FA7CA}"
EndProject
Project("{2150E333-8FDC-42A3-9474-1A3956D46DE8}") = "IdentityServer", "IdentityServer", "{CB82D159-7355-4572-AFE0-34006C279104}"
EndProject
Project("{9A19103F-16F7-4668-BE54-9A1E7A4F7556}") = "Microservices.IdentityServer", "IdentityServer\Microservices.IdentityServer\Microservices.IdentityServer.csproj", "{C8B4E2D4-D76C-4A75-AC70-F6CE921B5DB5}"
EndProject
Project("{9A19103F-16F7-4668-BE54-9A1E7A4F7556}") = "Microservices.Shared.Core_3_1", "Shared\Microservices.Shared.Core_3_1\Microservices.Shared.Core_3_1.csproj", "{3B6FBB88-9CC2-4B51-A4D4-A461F2DD8527}"
EndProject
Project("{2150E333-8FDC-42A3-9474-1A3956D46DE8}") = "Order", "Order", "{28C48C73-7A9B-42C5-B723-7F10B56FE08A}"
EndProject
Project("{9A19103F-16F7-4668-BE54-9A1E7A4F7556}") = "Microservices.Services.Order", "Services\Order\Microservices.Services.Order\Microservices.Services.Order.csproj", "{116B5C14-1833-43A3-9567-4F0604A39E46}"
EndProject
Project("{2150E333-8FDC-42A3-9474-1A3956D46DE8}") = "PhotoStock", "PhotoStock", "{0F272868-A72E-4E15-8ADA-7B3C0B226CB3}"
EndProject
Project("{FAE04EC0-301F-11D3-BF4B-00C04F79EFBC}") = "PhotoStock", "Services\PhotoStock\PhotoStock\PhotoStock.csproj", "{C384E2CD-2238-4580-8470-8065EF4E0A36}"
EndProject
Global
	GlobalSection(SolutionConfigurationPlatforms) = preSolution
		Debug|Any CPU = Debug|Any CPU
		Release|Any CPU = Release|Any CPU
	EndGlobalSection
	GlobalSection(ProjectConfigurationPlatforms) = postSolution
		{126F7B46-FD19-4AED-B30F-197C38DCDCB1}.Debug|Any CPU.ActiveCfg = Debug|Any CPU
		{126F7B46-FD19-4AED-B30F-197C38DCDCB1}.Debug|Any CPU.Build.0 = Debug|Any CPU
		{126F7B46-FD19-4AED-B30F-197C38DCDCB1}.Release|Any CPU.ActiveCfg = Release|Any CPU
		{126F7B46-FD19-4AED-B30F-197C38DCDCB1}.Release|Any CPU.Build.0 = Release|Any CPU
		{0AB271DA-D359-45DA-8F4B-4F40E24FA7CA}.Debug|Any CPU.ActiveCfg = Debug|Any CPU
		{0AB271DA-D359-45DA-8F4B-4F40E24FA7CA}.Debug|Any CPU.Build.0 = Debug|Any CPU
		{0AB271DA-D359-45DA-8F4B-4F40E24FA7CA}.Release|Any CPU.ActiveCfg = Release|Any CPU
		{0AB271DA-D359-45DA-8F4B-4F40E24FA7CA}.Release|Any CPU.Build.0 = Release|Any CPU
		{C8B4E2D4-D76C-4A75-AC70-F6CE921B5DB5}.Debug|Any CPU.ActiveCfg = Debug|Any CPU
		{C8B4E2D4-D76C-4A75-AC70-F6CE921B5DB5}.Debug|Any CPU.Build.0 = Debug|Any CPU
		{C8B4E2D4-D76C-4A75-AC70-F6CE921B5DB5}.Release|Any CPU.ActiveCfg = Release|Any CPU
		{C8B4E2D4-D76C-4A75-AC70-F6CE921B5DB5}.Release|Any CPU.Build.0 = Release|Any CPU
		{3B6FBB88-9CC2-4B51-A4D4-A461F2DD8527}.Debug|Any CPU.ActiveCfg = Debug|Any CPU
		{3B6FBB88-9CC2-4B51-A4D4-A461F2DD8527}.Debug|Any CPU.Build.0 = Debug|Any CPU
		{3B6FBB88-9CC2-4B51-A4D4-A461F2DD8527}.Release|Any CPU.ActiveCfg = Release|Any CPU
		{3B6FBB88-9CC2-4B51-A4D4-A461F2DD8527}.Release|Any CPU.Build.0 = Release|Any CPU
		{116B5C14-1833-43A3-9567-4F0604A39E46}.Debug|Any CPU.ActiveCfg = Debug|Any CPU
		{116B5C14-1833-43A3-9567-4F0604A39E46}.Debug|Any CPU.Build.0 = Debug|Any CPU
		{116B5C14-1833-43A3-9567-4F0604A39E46}.Release|Any CPU.ActiveCfg = Release|Any CPU
		{116B5C14-1833-43A3-9567-4F0604A39E46}.Release|Any CPU.Build.0 = Release|Any CPU
		{C384E2CD-2238-4580-8470-8065EF4E0A36}.Debug|Any CPU.ActiveCfg = Debug|Any CPU
		{C384E2CD-2238-4580-8470-8065EF4E0A36}.Debug|Any CPU.Build.0 = Debug|Any CPU
		{C384E2CD-2238-4580-8470-8065EF4E0A36}.Release|Any CPU.ActiveCfg = Release|Any CPU
		{C384E2CD-2238-4580-8470-8065EF4E0A36}.Release|Any CPU.Build.0 = Release|Any CPU
	EndGlobalSection
	GlobalSection(SolutionProperties) = preSolution
		HideSolutionNode = FALSE
	EndGlobalSection
	GlobalSection(NestedProjects) = preSolution
		{3B5C2A67-5D0D-4045-B74A-12322754784B} = {2BBD2B5A-06BD-4A63-B266-E2CE9126F130}
		{126F7B46-FD19-4AED-B30F-197C38DCDCB1} = {3B5C2A67-5D0D-4045-B74A-12322754784B}
		{0AB271DA-D359-45DA-8F4B-4F40E24FA7CA} = {65793E74-D3F9-4903-A158-8E47CD1211B4}
		{C8B4E2D4-D76C-4A75-AC70-F6CE921B5DB5} = {CB82D159-7355-4572-AFE0-34006C279104}
		{3B6FBB88-9CC2-4B51-A4D4-A461F2DD8527} = {65793E74-D3F9-4903-A158-8E47CD1211B4}
		{28C48C73-7A9B-42C5-B723-7F10B56FE08A} = {2BBD2B5A-06BD-4A63-B266-E2CE9126F130}
		{116B5C14-1833-43A3-9567-4F0604A39E46} = {28C48C73-7A9B-42C5-B723-7F10B56FE08A}
		{0F272868-A72E-4E15-8ADA-7B3C0B226CB3} = {2BBD2B5A-06BD-4A63-B266-E2CE9126F130}
		{C384E2CD-2238-4580-8470-8065EF4E0A36} = {0F272868-A72E-4E15-8ADA-7B3C0B226CB3}
	EndGlobalSection
	GlobalSection(ExtensibilityGlobals) = postSolution
		SolutionGuid = {ABDF98F3-C705-44CA-9A8C-B0A77855D0E5}
	EndGlobalSection
EndGlobal
